// !$*UTF8*$!
{
	archiveVersion = 1;
	classes = {
	};
	objectVersion = 46;
	objects = {

/* Begin PBXBuildFile section */
		017EE256189E4878007F31A4 /* Foundation.framework in Frameworks */ = {isa = PBXBuildFile; fileRef = 017EE255189E4878007F31A4 /* Foundation.framework */; settings = {ATTRIBUTES = (Required, ); }; };
		017EE263189E4884007F31A4 /* CheckLogbookForChanges in Resources */ = {isa = PBXBuildFile; fileRef = 017EE254189E4877007F31A4 /* CheckLogbookForChanges */; };
		017EE285189F088D007F31A4 /* CFNetwork.framework in Frameworks */ = {isa = PBXBuildFile; fileRef = 017EE284189F088D007F31A4 /* CFNetwork.framework */; };
		017EE28A189F08D5007F31A4 /* SystemConfiguration.framework in Frameworks */ = {isa = PBXBuildFile; fileRef = 01F9007B1897904800A0A328 /* SystemConfiguration.framework */; };
		017EE28B189F08E4007F31A4 /* libz.dylib in Frameworks */ = {isa = PBXBuildFile; fileRef = 01F9007F1897905100A0A328 /* libz.dylib */; };
		017EE28F189F0922007F31A4 /* CoreServices.framework in Frameworks */ = {isa = PBXBuildFile; fileRef = 017EE28E189F0922007F31A4 /* CoreServices.framework */; };
		01E72B37189F113700437C3B /* LTSAppDelegate.m in Sources */ = {isa = PBXBuildFile; fileRef = 01E72B1C189F10F500437C3B /* LTSAppDelegate.m */; };
		01E72B38189F113700437C3B /* LTSBackupsManager.m in Sources */ = {isa = PBXBuildFile; fileRef = 01E72B1F189F10F500437C3B /* LTSBackupsManager.m */; };
		01E72B39189F113700437C3B /* LTSLaunchDaemonManager.m in Sources */ = {isa = PBXBuildFile; fileRef = 01E72B21189F10F500437C3B /* LTSLaunchDaemonManager.m */; };
		01E72B3A189F113700437C3B /* LTSDateValueTransformer.m in Sources */ = {isa = PBXBuildFile; fileRef = 01E72B24189F10F500437C3B /* LTSDateValueTransformer.m */; };
		01E72B3C189F113700437C3B /* LTSBackupListWindowController.m in Sources */ = {isa = PBXBuildFile; fileRef = 01E72B29189F10F500437C3B /* LTSBackupListWindowController.m */; };
		01E72B3D189F113700437C3B /* LTSLoginSheetWindowController.m in Sources */ = {isa = PBXBuildFile; fileRef = 01E72B2B189F10F500437C3B /* LTSLoginSheetWindowController.m */; };
		01E72B3E189F113700437C3B /* LTSConstants.m in Sources */ = {isa = PBXBuildFile; fileRef = 01E72B2F189F10F500437C3B /* LTSConstants.m */; };
		01E72B3F189F113700437C3B /* LTSNetworkManager.m in Sources */ = {isa = PBXBuildFile; fileRef = 01E72B32189F10F600437C3B /* LTSNetworkManager.m */; };
		01E72B40189F113700437C3B /* LTSBackup.m in Sources */ = {isa = PBXBuildFile; fileRef = 01E72B35189F10F600437C3B /* LTSBackup.m */; };
		01E72B41189F114D00437C3B /* BackupListWindow.xib in Resources */ = {isa = PBXBuildFile; fileRef = 01E72B07189F10F500437C3B /* BackupListWindow.xib */; };
		01E72B42189F114D00437C3B /* LoginWindow.xib in Resources */ = {isa = PBXBuildFile; fileRef = 01E72B09189F10F500437C3B /* LoginWindow.xib */; };
		01E72B43189F114D00437C3B /* MainMenu.xib in Resources */ = {isa = PBXBuildFile; fileRef = 01E72B0B189F10F500437C3B /* MainMenu.xib */; };
		01E72B44189F114D00437C3B /* Constants.plist in Resources */ = {isa = PBXBuildFile; fileRef = 01E72B0D189F10F500437C3B /* Constants.plist */; };
		01E72B46189F114D00437C3B /* Credits.rtf in Resources */ = {isa = PBXBuildFile; fileRef = 01E72B10189F10F500437C3B /* Credits.rtf */; };
		01E72B4A189F114D00437C3B /* Images.xcassets in Resources */ = {isa = PBXBuildFile; fileRef = 01E72B18189F10F500437C3B /* Images.xcassets */; };
		01E72B53189F119600437C3B /* InfoPlist.strings in Resources */ = {isa = PBXBuildFile; fileRef = 01E72B51189F119600437C3B /* InfoPlist.strings */; };
		01E72B54189F129200437C3B /* NSData+LTSMD5.m in Sources */ = {isa = PBXBuildFile; fileRef = 01E72AFF189F10F500437C3B /* NSData+LTSMD5.m */; };
		01E72B55189F129200437C3B /* main.m in Sources */ = {isa = PBXBuildFile; fileRef = 01E72B01189F10F500437C3B /* main.m */; };
		01E72B56189F129200437C3B /* LTSConstants.m in Sources */ = {isa = PBXBuildFile; fileRef = 01E72B2F189F10F500437C3B /* LTSConstants.m */; };
		01E72B57189F129200437C3B /* LTSNetworkManager.m in Sources */ = {isa = PBXBuildFile; fileRef = 01E72B32189F10F600437C3B /* LTSNetworkManager.m */; };
		01E72B58189F129200437C3B /* LTSBackup.m in Sources */ = {isa = PBXBuildFile; fileRef = 01E72B35189F10F600437C3B /* LTSBackup.m */; };
		01E72B5B189F12FF00437C3B /* main.m in Sources */ = {isa = PBXBuildFile; fileRef = 01E72B5A189F12FF00437C3B /* main.m */; };
		01E72B5F189F13A100437C3B /* LTSProgressWindowController.m in Sources */ = {isa = PBXBuildFile; fileRef = 01E72B5D189F13A100437C3B /* LTSProgressWindowController.m */; };
		01E72B63189F13C500437C3B /* ProgressWindow.xib in Resources */ = {isa = PBXBuildFile; fileRef = 01E72B65189F13C500437C3B /* ProgressWindow.xib */; };
		01E72B6D189F251F00437C3B /* NSData+LTSGZipping.m in Sources */ = {isa = PBXBuildFile; fileRef = 01E72B6C189F251F00437C3B /* NSData+LTSGZipping.m */; };
		01F42FFF18965A7100E7090C /* Cocoa.framework in Frameworks */ = {isa = PBXBuildFile; fileRef = 01F42FFE18965A7100E7090C /* Cocoa.framework */; };
		01F9007C1897904800A0A328 /* SystemConfiguration.framework in Frameworks */ = {isa = PBXBuildFile; fileRef = 01F9007B1897904800A0A328 /* SystemConfiguration.framework */; };
		01F9007E1897904D00A0A328 /* libxml2.dylib in Frameworks */ = {isa = PBXBuildFile; fileRef = 01F9007D1897904D00A0A328 /* libxml2.dylib */; };
		01F900801897905100A0A328 /* libz.dylib in Frameworks */ = {isa = PBXBuildFile; fileRef = 01F9007F1897905100A0A328 /* libz.dylib */; };
		221B1AB51F71FCC6000E975E /* LTSBackupCollectionViewItem.m in Sources */ = {isa = PBXBuildFile; fileRef = 221B1AB31F71FCC6000E975E /* LTSBackupCollectionViewItem.m */; };
		675F1561945C52EEC5DD5DE6 /* libPods-LogTenSafe.a in Frameworks */ = {isa = PBXBuildFile; fileRef = 0935FC3D485178E3FC97BBB3 /* libPods-LogTenSafe.a */; };
		81A39C95B3E1925C42FD2AF4 /* libPods-CheckLogbookForChanges.a in Frameworks */ = {isa = PBXBuildFile; fileRef = 28392AF9910FA0E8C14B2329 /* libPods-CheckLogbookForChanges.a */; };
/* End PBXBuildFile section */

/* Begin PBXContainerItemProxy section */
		017EE261189E487F007F31A4 /* PBXContainerItemProxy */ = {
			isa = PBXContainerItemProxy;
			containerPortal = 01F42FF318965A7100E7090C /* Project object */;
			proxyType = 1;
			remoteGlobalIDString = 017EE253189E4877007F31A4;
			remoteInfo = CheckLogbookForChanges;
		};
/* End PBXContainerItemProxy section */

/* Begin PBXCopyFilesBuildPhase section */
		017EE252189E4877007F31A4 /* CopyFiles */ = {
			isa = PBXCopyFilesBuildPhase;
			buildActionMask = 2147483647;
			dstPath = /usr/share/man/man1/;
			dstSubfolderSpec = 0;
			files = (
			);
			runOnlyForDeploymentPostprocessing = 1;
		};
/* End PBXCopyFilesBuildPhase section */

/* Begin PBXFileReference section */
		017EE254189E4877007F31A4 /* CheckLogbookForChanges */ = {isa = PBXFileReference; explicitFileType = "compiled.mach-o.executable"; includeInIndex = 0; path = CheckLogbookForChanges; sourceTree = BUILT_PRODUCTS_DIR; };
		017EE255189E4878007F31A4 /* Foundation.framework */ = {isa = PBXFileReference; lastKnownFileType = wrapper.framework; name = Foundation.framework; path = System/Library/Frameworks/Foundation.framework; sourceTree = SDKROOT; };
		017EE27E189E4BF7007F31A4 /* libcommonCrypto.dylib */ = {isa = PBXFileReference; lastKnownFileType = "compiled.mach-o.dylib"; name = libcommonCrypto.dylib; path = usr/lib/system/libcommonCrypto.dylib; sourceTree = SDKROOT; };
		017EE280189E4FAD007F31A4 /* libSystem.dylib */ = {isa = PBXFileReference; lastKnownFileType = "compiled.mach-o.dylib"; name = libSystem.dylib; path = usr/lib/libSystem.dylib; sourceTree = SDKROOT; };
		017EE282189E4FE4007F31A4 /* CoreFoundation.framework */ = {isa = PBXFileReference; lastKnownFileType = wrapper.framework; name = CoreFoundation.framework; path = System/Library/Frameworks/CoreFoundation.framework; sourceTree = SDKROOT; };
		017EE284189F088D007F31A4 /* CFNetwork.framework */ = {isa = PBXFileReference; lastKnownFileType = wrapper.framework; name = CFNetwork.framework; path = System/Library/Frameworks/CFNetwork.framework; sourceTree = SDKROOT; };
		017EE28E189F0922007F31A4 /* CoreServices.framework */ = {isa = PBXFileReference; lastKnownFileType = wrapper.framework; name = CoreServices.framework; path = System/Library/Frameworks/CoreServices.framework; sourceTree = SDKROOT; };
		01E72AFE189F10F500437C3B /* NSData+LTSMD5.h */ = {isa = PBXFileReference; lastKnownFileType = sourcecode.c.h; path = "NSData+LTSMD5.h"; sourceTree = "<group>"; };
		01E72AFF189F10F500437C3B /* NSData+LTSMD5.m */ = {isa = PBXFileReference; lastKnownFileType = sourcecode.c.objc; path = "NSData+LTSMD5.m"; sourceTree = "<group>"; };
		01E72B00189F10F500437C3B /* CheckLogbookForChanges-Prefix.pch */ = {isa = PBXFileReference; lastKnownFileType = sourcecode.c.h; path = "CheckLogbookForChanges-Prefix.pch"; sourceTree = "<group>"; };
		01E72B01189F10F500437C3B /* main.m */ = {isa = PBXFileReference; lastKnownFileType = sourcecode.c.objc; path = main.m; sourceTree = "<group>"; };
		01E72B03189F10F500437C3B /* LogTenSafe-Info.plist */ = {isa = PBXFileReference; lastKnownFileType = text.plist.xml; path = "LogTenSafe-Info.plist"; sourceTree = "<group>"; };
		01E72B08189F10F500437C3B /* Base */ = {isa = PBXFileReference; lastKnownFileType = file.xib; name = Base; path = Base.lproj/BackupListWindow.xib; sourceTree = "<group>"; };
		01E72B0A189F10F500437C3B /* Base */ = {isa = PBXFileReference; lastKnownFileType = file.xib; name = Base; path = Base.lproj/LoginWindow.xib; sourceTree = "<group>"; };
		01E72B0C189F10F500437C3B /* Base */ = {isa = PBXFileReference; lastKnownFileType = file.xib; name = Base; path = Base.lproj/MainMenu.xib; sourceTree = "<group>"; };
		01E72B0D189F10F500437C3B /* Constants.plist */ = {isa = PBXFileReference; lastKnownFileType = text.plist.xml; path = Constants.plist; sourceTree = "<group>"; };
		01E72B11189F10F500437C3B /* en */ = {isa = PBXFileReference; lastKnownFileType = text.rtf; name = en; path = en.lproj/Credits.rtf; sourceTree = "<group>"; };
		01E72B18189F10F500437C3B /* Images.xcassets */ = {isa = PBXFileReference; lastKnownFileType = folder.assetcatalog; path = Images.xcassets; sourceTree = "<group>"; };
		01E72B1B189F10F500437C3B /* LTSAppDelegate.h */ = {isa = PBXFileReference; lastKnownFileType = sourcecode.c.h; path = LTSAppDelegate.h; sourceTree = "<group>"; };
		01E72B1C189F10F500437C3B /* LTSAppDelegate.m */ = {isa = PBXFileReference; lastKnownFileType = sourcecode.c.objc; path = LTSAppDelegate.m; sourceTree = "<group>"; };
		01E72B1E189F10F500437C3B /* LTSBackupsManager.h */ = {isa = PBXFileReference; lastKnownFileType = sourcecode.c.h; path = LTSBackupsManager.h; sourceTree = "<group>"; };
		01E72B1F189F10F500437C3B /* LTSBackupsManager.m */ = {isa = PBXFileReference; lastKnownFileType = sourcecode.c.objc; path = LTSBackupsManager.m; sourceTree = "<group>"; };
		01E72B20189F10F500437C3B /* LTSLaunchDaemonManager.h */ = {isa = PBXFileReference; lastKnownFileType = sourcecode.c.h; path = LTSLaunchDaemonManager.h; sourceTree = "<group>"; };
		01E72B21189F10F500437C3B /* LTSLaunchDaemonManager.m */ = {isa = PBXFileReference; lastKnownFileType = sourcecode.c.objc; path = LTSLaunchDaemonManager.m; sourceTree = "<group>"; };
		01E72B23189F10F500437C3B /* LTSDateValueTransformer.h */ = {isa = PBXFileReference; lastKnownFileType = sourcecode.c.h; path = LTSDateValueTransformer.h; sourceTree = "<group>"; };
		01E72B24189F10F500437C3B /* LTSDateValueTransformer.m */ = {isa = PBXFileReference; lastKnownFileType = sourcecode.c.objc; path = LTSDateValueTransformer.m; sourceTree = "<group>"; };
		01E72B28189F10F500437C3B /* LTSBackupListWindowController.h */ = {isa = PBXFileReference; lastKnownFileType = sourcecode.c.h; path = LTSBackupListWindowController.h; sourceTree = "<group>"; };
		01E72B29189F10F500437C3B /* LTSBackupListWindowController.m */ = {isa = PBXFileReference; lastKnownFileType = sourcecode.c.objc; path = LTSBackupListWindowController.m; sourceTree = "<group>"; };
		01E72B2A189F10F500437C3B /* LTSLoginSheetWindowController.h */ = {isa = PBXFileReference; lastKnownFileType = sourcecode.c.h; path = LTSLoginSheetWindowController.h; sourceTree = "<group>"; };
		01E72B2B189F10F500437C3B /* LTSLoginSheetWindowController.m */ = {isa = PBXFileReference; lastKnownFileType = sourcecode.c.objc; path = LTSLoginSheetWindowController.m; sourceTree = "<group>"; };
		01E72B2E189F10F500437C3B /* LTSConstants.h */ = {isa = PBXFileReference; lastKnownFileType = sourcecode.c.h; path = LTSConstants.h; sourceTree = "<group>"; };
		01E72B2F189F10F500437C3B /* LTSConstants.m */ = {isa = PBXFileReference; lastKnownFileType = sourcecode.c.objc; path = LTSConstants.m; sourceTree = "<group>"; };
		01E72B31189F10F600437C3B /* LTSNetworkManager.h */ = {isa = PBXFileReference; lastKnownFileType = sourcecode.c.h; path = LTSNetworkManager.h; sourceTree = "<group>"; };
		01E72B32189F10F600437C3B /* LTSNetworkManager.m */ = {isa = PBXFileReference; lastKnownFileType = sourcecode.c.objc; path = LTSNetworkManager.m; sourceTree = "<group>"; };
		01E72B34189F10F600437C3B /* LTSBackup.h */ = {isa = PBXFileReference; lastKnownFileType = sourcecode.c.h; path = LTSBackup.h; sourceTree = "<group>"; };
		01E72B35189F10F600437C3B /* LTSBackup.m */ = {isa = PBXFileReference; lastKnownFileType = sourcecode.c.objc; path = LTSBackup.m; sourceTree = "<group>"; };
		01E72B4C189F116300437C3B /* en */ = {isa = PBXFileReference; lastKnownFileType = text.plist.strings; name = en; path = en.lproj/BackupListWindow.strings; sourceTree = "<group>"; };
		01E72B4E189F116800437C3B /* en */ = {isa = PBXFileReference; lastKnownFileType = text.plist.strings; name = en; path = en.lproj/LoginWindow.strings; sourceTree = "<group>"; };
		01E72B50189F116C00437C3B /* en */ = {isa = PBXFileReference; lastKnownFileType = text.plist.strings; name = en; path = en.lproj/MainMenu.strings; sourceTree = "<group>"; };
		01E72B52189F119600437C3B /* en */ = {isa = PBXFileReference; lastKnownFileType = text.plist.strings; name = en; path = en.lproj/InfoPlist.strings; sourceTree = "<group>"; };
		01E72B59189F12FF00437C3B /* LogTenSafe-Prefix.pch */ = {isa = PBXFileReference; fileEncoding = 4; lastKnownFileType = sourcecode.c.h; path = "LogTenSafe-Prefix.pch"; sourceTree = "<group>"; };
		01E72B5A189F12FF00437C3B /* main.m */ = {isa = PBXFileReference; fileEncoding = 4; lastKnownFileType = sourcecode.c.objc; path = main.m; sourceTree = "<group>"; };
		01E72B5C189F13A100437C3B /* LTSProgressWindowController.h */ = {isa = PBXFileReference; fileEncoding = 4; lastKnownFileType = sourcecode.c.h; path = LTSProgressWindowController.h; sourceTree = "<group>"; };
		01E72B5D189F13A100437C3B /* LTSProgressWindowController.m */ = {isa = PBXFileReference; fileEncoding = 4; lastKnownFileType = sourcecode.c.objc; path = LTSProgressWindowController.m; sourceTree = "<group>"; };
		01E72B64189F13C500437C3B /* Base */ = {isa = PBXFileReference; lastKnownFileType = file.xib; name = Base; path = Base.lproj/ProgressWindow.xib; sourceTree = "<group>"; };
		01E72B69189F183800437C3B /* en */ = {isa = PBXFileReference; lastKnownFileType = text.plist.strings; name = en; path = en.lproj/ProgressWindow.strings; sourceTree = "<group>"; };
		01E72B6B189F251F00437C3B /* NSData+LTSGZipping.h */ = {isa = PBXFileReference; fileEncoding = 4; lastKnownFileType = sourcecode.c.h; path = "NSData+LTSGZipping.h"; sourceTree = "<group>"; };
		01E72B6C189F251F00437C3B /* NSData+LTSGZipping.m */ = {isa = PBXFileReference; fileEncoding = 4; lastKnownFileType = sourcecode.c.objc; path = "NSData+LTSGZipping.m"; sourceTree = "<group>"; };
		01F42FFB18965A7100E7090C /* LogTenSafe.app */ = {isa = PBXFileReference; explicitFileType = wrapper.application; includeInIndex = 0; path = LogTenSafe.app; sourceTree = BUILT_PRODUCTS_DIR; };
		01F42FFE18965A7100E7090C /* Cocoa.framework */ = {isa = PBXFileReference; lastKnownFileType = wrapper.framework; name = Cocoa.framework; path = System/Library/Frameworks/Cocoa.framework; sourceTree = SDKROOT; };
		01F4300118965A7100E7090C /* AppKit.framework */ = {isa = PBXFileReference; lastKnownFileType = wrapper.framework; name = AppKit.framework; path = System/Library/Frameworks/AppKit.framework; sourceTree = SDKROOT; };
		01F4300218965A7100E7090C /* CoreData.framework */ = {isa = PBXFileReference; lastKnownFileType = wrapper.framework; name = CoreData.framework; path = System/Library/Frameworks/CoreData.framework; sourceTree = SDKROOT; };
		01F4300318965A7100E7090C /* Foundation.framework */ = {isa = PBXFileReference; lastKnownFileType = wrapper.framework; name = Foundation.framework; path = System/Library/Frameworks/Foundation.framework; sourceTree = SDKROOT; };
		01F9007B1897904800A0A328 /* SystemConfiguration.framework */ = {isa = PBXFileReference; lastKnownFileType = wrapper.framework; name = SystemConfiguration.framework; path = System/Library/Frameworks/SystemConfiguration.framework; sourceTree = SDKROOT; };
		01F9007D1897904D00A0A328 /* libxml2.dylib */ = {isa = PBXFileReference; lastKnownFileType = "compiled.mach-o.dylib"; name = libxml2.dylib; path = usr/lib/libxml2.dylib; sourceTree = SDKROOT; };
		01F9007F1897905100A0A328 /* libz.dylib */ = {isa = PBXFileReference; lastKnownFileType = "compiled.mach-o.dylib"; name = libz.dylib; path = usr/lib/libz.dylib; sourceTree = SDKROOT; };
		0935FC3D485178E3FC97BBB3 /* libPods-LogTenSafe.a */ = {isa = PBXFileReference; explicitFileType = archive.ar; includeInIndex = 0; path = "libPods-LogTenSafe.a"; sourceTree = BUILT_PRODUCTS_DIR; };
		221B1AB21F71FCC6000E975E /* LTSBackupCollectionViewItem.h */ = {isa = PBXFileReference; lastKnownFileType = sourcecode.c.h; path = LTSBackupCollectionViewItem.h; sourceTree = "<group>"; };
		221B1AB31F71FCC6000E975E /* LTSBackupCollectionViewItem.m */ = {isa = PBXFileReference; lastKnownFileType = sourcecode.c.objc; path = LTSBackupCollectionViewItem.m; sourceTree = "<group>"; };
		28392AF9910FA0E8C14B2329 /* libPods-CheckLogbookForChanges.a */ = {isa = PBXFileReference; explicitFileType = archive.ar; includeInIndex = 0; path = "libPods-CheckLogbookForChanges.a"; sourceTree = BUILT_PRODUCTS_DIR; };
		364FA7739D0F3B9A20533C2B /* Pods-LogTenSafe.release.xcconfig */ = {isa = PBXFileReference; includeInIndex = 1; lastKnownFileType = text.xcconfig; name = "Pods-LogTenSafe.release.xcconfig"; path = "Pods/Target Support Files/Pods-LogTenSafe/Pods-LogTenSafe.release.xcconfig"; sourceTree = "<group>"; };
		3D6BFF35276B4E3F9EA68C78 /* Pods-LogTenSafe.debug.xcconfig */ = {isa = PBXFileReference; includeInIndex = 1; lastKnownFileType = text.xcconfig; name = "Pods-LogTenSafe.debug.xcconfig"; path = "Pods/Target Support Files/Pods-LogTenSafe/Pods-LogTenSafe.debug.xcconfig"; sourceTree = "<group>"; };
		4B7600211350AB7CE8485D6F /* Pods-CheckLogbookForChanges.release.xcconfig */ = {isa = PBXFileReference; includeInIndex = 1; lastKnownFileType = text.xcconfig; name = "Pods-CheckLogbookForChanges.release.xcconfig"; path = "Pods/Target Support Files/Pods-CheckLogbookForChanges/Pods-CheckLogbookForChanges.release.xcconfig"; sourceTree = "<group>"; };
		FABE82B6B43EDB52E1F44CBB /* Pods-CheckLogbookForChanges.debug.xcconfig */ = {isa = PBXFileReference; includeInIndex = 1; lastKnownFileType = text.xcconfig; name = "Pods-CheckLogbookForChanges.debug.xcconfig"; path = "Pods/Target Support Files/Pods-CheckLogbookForChanges/Pods-CheckLogbookForChanges.debug.xcconfig"; sourceTree = "<group>"; };
/* End PBXFileReference section */

/* Begin PBXFrameworksBuildPhase section */
		017EE251189E4877007F31A4 /* Frameworks */ = {
			isa = PBXFrameworksBuildPhase;
			buildActionMask = 2147483647;
			files = (
				017EE28F189F0922007F31A4 /* CoreServices.framework in Frameworks */,
				017EE28B189F08E4007F31A4 /* libz.dylib in Frameworks */,
				017EE28A189F08D5007F31A4 /* SystemConfiguration.framework in Frameworks */,
				017EE285189F088D007F31A4 /* CFNetwork.framework in Frameworks */,
				017EE256189E4878007F31A4 /* Foundation.framework in Frameworks */,
				81A39C95B3E1925C42FD2AF4 /* libPods-CheckLogbookForChanges.a in Frameworks */,
			);
			runOnlyForDeploymentPostprocessing = 0;
		};
		01F42FF818965A7100E7090C /* Frameworks */ = {
			isa = PBXFrameworksBuildPhase;
			buildActionMask = 2147483647;
			files = (
				01F900801897905100A0A328 /* libz.dylib in Frameworks */,
				01F9007E1897904D00A0A328 /* libxml2.dylib in Frameworks */,
				01F9007C1897904800A0A328 /* SystemConfiguration.framework in Frameworks */,
				01F42FFF18965A7100E7090C /* Cocoa.framework in Frameworks */,
				675F1561945C52EEC5DD5DE6 /* libPods-LogTenSafe.a in Frameworks */,
			);
			runOnlyForDeploymentPostprocessing = 0;
		};
/* End PBXFrameworksBuildPhase section */

/* Begin PBXGroup section */
		01E72AFA189F10F500437C3B /* CheckLogbookForChanges */ = {
			isa = PBXGroup;
			children = (
				01E72AFC189F10F500437C3B /* Source */,
			);
			path = CheckLogbookForChanges;
			sourceTree = "<group>";
		};
		01E72AFC189F10F500437C3B /* Source */ = {
			isa = PBXGroup;
			children = (
				01E72AFD189F10F500437C3B /* Categories */,
				01E72B00189F10F500437C3B /* CheckLogbookForChanges-Prefix.pch */,
				01E72B01189F10F500437C3B /* main.m */,
			);
			path = Source;
			sourceTree = "<group>";
		};
		01E72AFD189F10F500437C3B /* Categories */ = {
			isa = PBXGroup;
			children = (
				01E72AFE189F10F500437C3B /* NSData+LTSMD5.h */,
				01E72AFF189F10F500437C3B /* NSData+LTSMD5.m */,
			);
			path = Categories;
			sourceTree = "<group>";
		};
		01E72B02189F10F500437C3B /* LogTenSafe */ = {
			isa = PBXGroup;
			children = (
				01E72B03189F10F500437C3B /* LogTenSafe-Info.plist */,
				01E72B06189F10F500437C3B /* Resources */,
				01E72B19189F10F500437C3B /* Source */,
			);
			path = LogTenSafe;
			sourceTree = "<group>";
		};
		01E72B06189F10F500437C3B /* Resources */ = {
			isa = PBXGroup;
			children = (
				01E72B51189F119600437C3B /* InfoPlist.strings */,
				01E72B07189F10F500437C3B /* BackupListWindow.xib */,
				01E72B09189F10F500437C3B /* LoginWindow.xib */,
				01E72B65189F13C500437C3B /* ProgressWindow.xib */,
				01E72B0B189F10F500437C3B /* MainMenu.xib */,
				01E72B0D189F10F500437C3B /* Constants.plist */,
				01E72B10189F10F500437C3B /* Credits.rtf */,
				01E72B18189F10F500437C3B /* Images.xcassets */,
			);
			path = Resources;
			sourceTree = "<group>";
		};
		01E72B19189F10F500437C3B /* Source */ = {
			isa = PBXGroup;
			children = (
				01E72B59189F12FF00437C3B /* LogTenSafe-Prefix.pch */,
				01E72B5A189F12FF00437C3B /* main.m */,
				01E72B6A189F250600437C3B /* Categories */,
				221B1AB71F7200D9000E975E /* Data Sources */,
				01E72B1A189F10F500437C3B /* Delegates */,
				01E72B1D189F10F500437C3B /* Managers */,
				01E72B22189F10F500437C3B /* Value Transformers */,
				01E72B25189F10F500437C3B /* View Controllers */,
			);
			path = Source;
			sourceTree = "<group>";
		};
		01E72B1A189F10F500437C3B /* Delegates */ = {
			isa = PBXGroup;
			children = (
				01E72B1B189F10F500437C3B /* LTSAppDelegate.h */,
				01E72B1C189F10F500437C3B /* LTSAppDelegate.m */,
			);
			path = Delegates;
			sourceTree = "<group>";
		};
		01E72B1D189F10F500437C3B /* Managers */ = {
			isa = PBXGroup;
			children = (
				01E72B1E189F10F500437C3B /* LTSBackupsManager.h */,
				01E72B1F189F10F500437C3B /* LTSBackupsManager.m */,
				01E72B20189F10F500437C3B /* LTSLaunchDaemonManager.h */,
				01E72B21189F10F500437C3B /* LTSLaunchDaemonManager.m */,
			);
			path = Managers;
			sourceTree = "<group>";
		};
		01E72B22189F10F500437C3B /* Value Transformers */ = {
			isa = PBXGroup;
			children = (
				01E72B23189F10F500437C3B /* LTSDateValueTransformer.h */,
				01E72B24189F10F500437C3B /* LTSDateValueTransformer.m */,
			);
			path = "Value Transformers";
			sourceTree = "<group>";
		};
		01E72B25189F10F500437C3B /* View Controllers */ = {
			isa = PBXGroup;
			children = (
				01E72B28189F10F500437C3B /* LTSBackupListWindowController.h */,
				01E72B29189F10F500437C3B /* LTSBackupListWindowController.m */,
				01E72B2A189F10F500437C3B /* LTSLoginSheetWindowController.h */,
				01E72B2B189F10F500437C3B /* LTSLoginSheetWindowController.m */,
				01E72B5C189F13A100437C3B /* LTSProgressWindowController.h */,
				01E72B5D189F13A100437C3B /* LTSProgressWindowController.m */,
				221B1AB21F71FCC6000E975E /* LTSBackupCollectionViewItem.h */,
				221B1AB31F71FCC6000E975E /* LTSBackupCollectionViewItem.m */,
			);
			path = "View Controllers";
			sourceTree = "<group>";
		};
		01E72B2C189F10F500437C3B /* Shared */ = {
			isa = PBXGroup;
			children = (
				01E72B2D189F10F500437C3B /* Source */,
			);
			path = Shared;
			sourceTree = "<group>";
		};
		01E72B2D189F10F500437C3B /* Source */ = {
			isa = PBXGroup;
			children = (
				01E72B2E189F10F500437C3B /* LTSConstants.h */,
				01E72B2F189F10F500437C3B /* LTSConstants.m */,
				01E72B30189F10F500437C3B /* Managers */,
				01E72B33189F10F600437C3B /* Models */,
			);
			path = Source;
			sourceTree = "<group>";
		};
		01E72B30189F10F500437C3B /* Managers */ = {
			isa = PBXGroup;
			children = (
				01E72B31189F10F600437C3B /* LTSNetworkManager.h */,
				01E72B32189F10F600437C3B /* LTSNetworkManager.m */,
			);
			path = Managers;
			sourceTree = "<group>";
		};
		01E72B33189F10F600437C3B /* Models */ = {
			isa = PBXGroup;
			children = (
				01E72B34189F10F600437C3B /* LTSBackup.h */,
				01E72B35189F10F600437C3B /* LTSBackup.m */,
			);
			path = Models;
			sourceTree = "<group>";
		};
		01E72B6A189F250600437C3B /* Categories */ = {
			isa = PBXGroup;
			children = (
				01E72B6B189F251F00437C3B /* NSData+LTSGZipping.h */,
				01E72B6C189F251F00437C3B /* NSData+LTSGZipping.m */,
			);
			path = Categories;
			sourceTree = "<group>";
		};
		01F42FF218965A7100E7090C = {
			isa = PBXGroup;
			children = (
				01E72B02189F10F500437C3B /* LogTenSafe */,
				01E72AFA189F10F500437C3B /* CheckLogbookForChanges */,
				01E72B2C189F10F500437C3B /* Shared */,
				01F42FFD18965A7100E7090C /* Frameworks */,
				01F42FFC18965A7100E7090C /* Products */,
				89CFA5B08224669DF0E9DAF1 /* Pods */,
			);
			sourceTree = "<group>";
		};
		01F42FFC18965A7100E7090C /* Products */ = {
			isa = PBXGroup;
			children = (
				01F42FFB18965A7100E7090C /* LogTenSafe.app */,
				017EE254189E4877007F31A4 /* CheckLogbookForChanges */,
			);
			name = Products;
			sourceTree = "<group>";
		};
		01F42FFD18965A7100E7090C /* Frameworks */ = {
			isa = PBXGroup;
			children = (
				017EE28E189F0922007F31A4 /* CoreServices.framework */,
				017EE284189F088D007F31A4 /* CFNetwork.framework */,
				017EE280189E4FAD007F31A4 /* libSystem.dylib */,
				017EE27E189E4BF7007F31A4 /* libcommonCrypto.dylib */,
				01F9007F1897905100A0A328 /* libz.dylib */,
				01F9007D1897904D00A0A328 /* libxml2.dylib */,
				01F9007B1897904800A0A328 /* SystemConfiguration.framework */,
				01F4300018965A7100E7090C /* Other Frameworks */,
				28392AF9910FA0E8C14B2329 /* libPods-CheckLogbookForChanges.a */,
				0935FC3D485178E3FC97BBB3 /* libPods-LogTenSafe.a */,
			);
			name = Frameworks;
			sourceTree = "<group>";
		};
		01F4300018965A7100E7090C /* Other Frameworks */ = {
			isa = PBXGroup;
			children = (
				01F42FFE18965A7100E7090C /* Cocoa.framework */,
				017EE255189E4878007F31A4 /* Foundation.framework */,
				017EE282189E4FE4007F31A4 /* CoreFoundation.framework */,
				01F4300118965A7100E7090C /* AppKit.framework */,
				01F4300218965A7100E7090C /* CoreData.framework */,
				01F4300318965A7100E7090C /* Foundation.framework */,
			);
			name = "Other Frameworks";
			sourceTree = "<group>";
		};
		221B1AB71F7200D9000E975E /* Data Sources */ = {
			isa = PBXGroup;
			children = (
			);
			path = "Data Sources";
			sourceTree = "<group>";
		};
		89CFA5B08224669DF0E9DAF1 /* Pods */ = {
			isa = PBXGroup;
			children = (
				FABE82B6B43EDB52E1F44CBB /* Pods-CheckLogbookForChanges.debug.xcconfig */,
				4B7600211350AB7CE8485D6F /* Pods-CheckLogbookForChanges.release.xcconfig */,
				3D6BFF35276B4E3F9EA68C78 /* Pods-LogTenSafe.debug.xcconfig */,
				364FA7739D0F3B9A20533C2B /* Pods-LogTenSafe.release.xcconfig */,
			);
			name = Pods;
			sourceTree = "<group>";
		};
/* End PBXGroup section */

/* Begin PBXNativeTarget section */
		017EE253189E4877007F31A4 /* CheckLogbookForChanges */ = {
			isa = PBXNativeTarget;
			buildConfigurationList = 017EE25E189E4878007F31A4 /* Build configuration list for PBXNativeTarget "CheckLogbookForChanges" */;
			buildPhases = (
				E64B2941ACB4F8B0B869A7AE /* [CP] Check Pods Manifest.lock */,
				017EE250189E4877007F31A4 /* Sources */,
				017EE251189E4877007F31A4 /* Frameworks */,
				017EE252189E4877007F31A4 /* CopyFiles */,
			);
			buildRules = (
			);
			dependencies = (
			);
			name = CheckLogbookForChanges;
			productName = CheckLogbookForChanges;
			productReference = 017EE254189E4877007F31A4 /* CheckLogbookForChanges */;
			productType = "com.apple.product-type.tool";
		};
		01F42FFA18965A7100E7090C /* LogTenSafe */ = {
			isa = PBXNativeTarget;
			buildConfigurationList = 01F4302C18965A7100E7090C /* Build configuration list for PBXNativeTarget "LogTenSafe" */;
			buildPhases = (
				8352905BBEB1854B66675189 /* [CP] Check Pods Manifest.lock */,
				01F42FF718965A7100E7090C /* Sources */,
				01F42FF818965A7100E7090C /* Frameworks */,
				01F42FF918965A7100E7090C /* Resources */,
			);
			buildRules = (
			);
			dependencies = (
				017EE262189E487F007F31A4 /* PBXTargetDependency */,
			);
			name = LogTenSafe;
			productName = LogTenSafe;
			productReference = 01F42FFB18965A7100E7090C /* LogTenSafe.app */;
			productType = "com.apple.product-type.application";
		};
/* End PBXNativeTarget section */

/* Begin PBXProject section */
		01F42FF318965A7100E7090C /* Project object */ = {
			isa = PBXProject;
			attributes = {
				CLASSPREFIX = LTS;
				LastUpgradeCheck = 0930;
				ORGANIZATIONNAME = "Tim Morgan";
				TargetAttributes = {
					01F42FFA18965A7100E7090C = {
						DevelopmentTeam = 2NFSK2WB24;
					};
				};
			};
			buildConfigurationList = 01F42FF618965A7100E7090C /* Build configuration list for PBXProject "LogTenSafe" */;
			compatibilityVersion = "Xcode 3.2";
			developmentRegion = English;
			hasScannedForEncodings = 0;
			knownRegions = (
				en,
				Base,
				English,
			);
			mainGroup = 01F42FF218965A7100E7090C;
			productRefGroup = 01F42FFC18965A7100E7090C /* Products */;
			projectDirPath = "";
			projectRoot = "";
			targets = (
				01F42FFA18965A7100E7090C /* LogTenSafe */,
				017EE253189E4877007F31A4 /* CheckLogbookForChanges */,
			);
		};
/* End PBXProject section */

/* Begin PBXResourcesBuildPhase section */
		01F42FF918965A7100E7090C /* Resources */ = {
			isa = PBXResourcesBuildPhase;
			buildActionMask = 2147483647;
			files = (
				01E72B41189F114D00437C3B /* BackupListWindow.xib in Resources */,
				01E72B53189F119600437C3B /* InfoPlist.strings in Resources */,
				01E72B42189F114D00437C3B /* LoginWindow.xib in Resources */,
				01E72B43189F114D00437C3B /* MainMenu.xib in Resources */,
				01E72B63189F13C500437C3B /* ProgressWindow.xib in Resources */,
				01E72B44189F114D00437C3B /* Constants.plist in Resources */,
				01E72B46189F114D00437C3B /* Credits.rtf in Resources */,
				01E72B4A189F114D00437C3B /* Images.xcassets in Resources */,
				017EE263189E4884007F31A4 /* CheckLogbookForChanges in Resources */,
			);
			runOnlyForDeploymentPostprocessing = 0;
		};
/* End PBXResourcesBuildPhase section */

/* Begin PBXShellScriptBuildPhase section */
		8352905BBEB1854B66675189 /* [CP] Check Pods Manifest.lock */ = {
			isa = PBXShellScriptBuildPhase;
			buildActionMask = 2147483647;
			files = (
			);
			inputPaths = (
				"${PODS_PODFILE_DIR_PATH}/Podfile.lock",
				"${PODS_ROOT}/Manifest.lock",
			);
			name = "[CP] Check Pods Manifest.lock";
			outputPaths = (
				"$(DERIVED_FILE_DIR)/Pods-LogTenSafe-checkManifestLockResult.txt",
			);
			runOnlyForDeploymentPostprocessing = 0;
			shellPath = /bin/sh;
			shellScript = "diff \"${PODS_PODFILE_DIR_PATH}/Podfile.lock\" \"${PODS_ROOT}/Manifest.lock\" > /dev/null\nif [ $? != 0 ] ; then\n    # print error to STDERR\n    echo \"error: The sandbox is not in sync with the Podfile.lock. Run 'pod install' or update your CocoaPods installation.\" >&2\n    exit 1\nfi\n# This output is used by Xcode 'outputs' to avoid re-running this script phase.\necho \"SUCCESS\" > \"${SCRIPT_OUTPUT_FILE_0}\"\n";
			showEnvVarsInLog = 0;
		};
		E64B2941ACB4F8B0B869A7AE /* [CP] Check Pods Manifest.lock */ = {
			isa = PBXShellScriptBuildPhase;
			buildActionMask = 2147483647;
			files = (
			);
			inputPaths = (
				"${PODS_PODFILE_DIR_PATH}/Podfile.lock",
				"${PODS_ROOT}/Manifest.lock",
			);
			name = "[CP] Check Pods Manifest.lock";
			outputPaths = (
				"$(DERIVED_FILE_DIR)/Pods-CheckLogbookForChanges-checkManifestLockResult.txt",
			);
			runOnlyForDeploymentPostprocessing = 0;
			shellPath = /bin/sh;
			shellScript = "diff \"${PODS_PODFILE_DIR_PATH}/Podfile.lock\" \"${PODS_ROOT}/Manifest.lock\" > /dev/null\nif [ $? != 0 ] ; then\n    # print error to STDERR\n    echo \"error: The sandbox is not in sync with the Podfile.lock. Run 'pod install' or update your CocoaPods installation.\" >&2\n    exit 1\nfi\n# This output is used by Xcode 'outputs' to avoid re-running this script phase.\necho \"SUCCESS\" > \"${SCRIPT_OUTPUT_FILE_0}\"\n";
			showEnvVarsInLog = 0;
		};
/* End PBXShellScriptBuildPhase section */

/* Begin PBXSourcesBuildPhase section */
		017EE250189E4877007F31A4 /* Sources */ = {
			isa = PBXSourcesBuildPhase;
			buildActionMask = 2147483647;
			files = (
				01E72B54189F129200437C3B /* NSData+LTSMD5.m in Sources */,
				01E72B55189F129200437C3B /* main.m in Sources */,
				01E72B56189F129200437C3B /* LTSConstants.m in Sources */,
				01E72B57189F129200437C3B /* LTSNetworkManager.m in Sources */,
				01E72B58189F129200437C3B /* LTSBackup.m in Sources */,
			);
			runOnlyForDeploymentPostprocessing = 0;
		};
		01F42FF718965A7100E7090C /* Sources */ = {
			isa = PBXSourcesBuildPhase;
			buildActionMask = 2147483647;
			files = (
				01E72B37189F113700437C3B /* LTSAppDelegate.m in Sources */,
				221B1AB51F71FCC6000E975E /* LTSBackupCollectionViewItem.m in Sources */,
				01E72B38189F113700437C3B /* LTSBackupsManager.m in Sources */,
				01E72B39189F113700437C3B /* LTSLaunchDaemonManager.m in Sources */,
				01E72B3A189F113700437C3B /* LTSDateValueTransformer.m in Sources */,
				01E72B6D189F251F00437C3B /* NSData+LTSGZipping.m in Sources */,
				01E72B3C189F113700437C3B /* LTSBackupListWindowController.m in Sources */,
				01E72B5B189F12FF00437C3B /* main.m in Sources */,
				01E72B3D189F113700437C3B /* LTSLoginSheetWindowController.m in Sources */,
				01E72B3E189F113700437C3B /* LTSConstants.m in Sources */,
				01E72B3F189F113700437C3B /* LTSNetworkManager.m in Sources */,
				01E72B40189F113700437C3B /* LTSBackup.m in Sources */,
				01E72B5F189F13A100437C3B /* LTSProgressWindowController.m in Sources */,
			);
			runOnlyForDeploymentPostprocessing = 0;
		};
/* End PBXSourcesBuildPhase section */

/* Begin PBXTargetDependency section */
		017EE262189E487F007F31A4 /* PBXTargetDependency */ = {
			isa = PBXTargetDependency;
			target = 017EE253189E4877007F31A4 /* CheckLogbookForChanges */;
			targetProxy = 017EE261189E487F007F31A4 /* PBXContainerItemProxy */;
		};
/* End PBXTargetDependency section */

/* Begin PBXVariantGroup section */
		01E72B07189F10F500437C3B /* BackupListWindow.xib */ = {
			isa = PBXVariantGroup;
			children = (
				01E72B08189F10F500437C3B /* Base */,
				01E72B4C189F116300437C3B /* en */,
			);
			name = BackupListWindow.xib;
			sourceTree = "<group>";
		};
		01E72B09189F10F500437C3B /* LoginWindow.xib */ = {
			isa = PBXVariantGroup;
			children = (
				01E72B0A189F10F500437C3B /* Base */,
				01E72B4E189F116800437C3B /* en */,
			);
			name = LoginWindow.xib;
			sourceTree = "<group>";
		};
		01E72B0B189F10F500437C3B /* MainMenu.xib */ = {
			isa = PBXVariantGroup;
			children = (
				01E72B0C189F10F500437C3B /* Base */,
				01E72B50189F116C00437C3B /* en */,
			);
			name = MainMenu.xib;
			sourceTree = "<group>";
		};
		01E72B10189F10F500437C3B /* Credits.rtf */ = {
			isa = PBXVariantGroup;
			children = (
				01E72B11189F10F500437C3B /* en */,
			);
			name = Credits.rtf;
			sourceTree = "<group>";
		};
		01E72B51189F119600437C3B /* InfoPlist.strings */ = {
			isa = PBXVariantGroup;
			children = (
				01E72B52189F119600437C3B /* en */,
			);
			name = InfoPlist.strings;
			sourceTree = "<group>";
		};
		01E72B65189F13C500437C3B /* ProgressWindow.xib */ = {
			isa = PBXVariantGroup;
			children = (
				01E72B64189F13C500437C3B /* Base */,
				01E72B69189F183800437C3B /* en */,
			);
			name = ProgressWindow.xib;
			sourceTree = "<group>";
		};
/* End PBXVariantGroup section */

/* Begin XCBuildConfiguration section */
		017EE25F189E4878007F31A4 /* Debug */ = {
			isa = XCBuildConfiguration;
			baseConfigurationReference = FABE82B6B43EDB52E1F44CBB /* Pods-CheckLogbookForChanges.debug.xcconfig */;
			buildSettings = {
				GCC_PRECOMPILE_PREFIX_HEADER = YES;
				GCC_PREFIX_HEADER = "CheckLogbookForChanges/Source/CheckLogbookForChanges-Prefix.pch";
				GCC_PREPROCESSOR_DEFINITIONS = (
					"DEBUG=1",
					"$(inherited)",
				);
				LIBRARY_SEARCH_PATHS = (
					"$(inherited)",
					"$(SDKROOT)/usr/lib/system",
				);
				PRODUCT_NAME = "$(TARGET_NAME)";
			};
			name = Debug;
		};
		017EE260189E4878007F31A4 /* Release */ = {
			isa = XCBuildConfiguration;
			baseConfigurationReference = 4B7600211350AB7CE8485D6F /* Pods-CheckLogbookForChanges.release.xcconfig */;
			buildSettings = {
				GCC_PRECOMPILE_PREFIX_HEADER = YES;
				GCC_PREFIX_HEADER = "CheckLogbookForChanges/Source/CheckLogbookForChanges-Prefix.pch";
				LIBRARY_SEARCH_PATHS = (
					"$(inherited)",
					"$(SDKROOT)/usr/lib/system",
				);
				PRODUCT_NAME = "$(TARGET_NAME)";
			};
			name = Release;
		};
		01F4302A18965A7100E7090C /* Debug */ = {
			isa = XCBuildConfiguration;
			buildSettings = {
				ALWAYS_SEARCH_USER_PATHS = NO;
				CLANG_ANALYZER_LOCALIZABILITY_NONLOCALIZED = YES;
				CLANG_CXX_LANGUAGE_STANDARD = "gnu++0x";
				CLANG_CXX_LIBRARY = "libc++";
				CLANG_ENABLE_OBJC_ARC = YES;
				CLANG_WARN_BLOCK_CAPTURE_AUTORELEASING = YES;
				CLANG_WARN_BOOL_CONVERSION = YES;
				CLANG_WARN_COMMA = YES;
				CLANG_WARN_CONSTANT_CONVERSION = YES;
				CLANG_WARN_DEPRECATED_OBJC_IMPLEMENTATIONS = YES;
				CLANG_WARN_DIRECT_OBJC_ISA_USAGE = YES_ERROR;
				CLANG_WARN_EMPTY_BODY = YES;
				CLANG_WARN_ENUM_CONVERSION = YES;
				CLANG_WARN_INFINITE_RECURSION = YES;
				CLANG_WARN_INT_CONVERSION = YES;
				CLANG_WARN_NON_LITERAL_NULL_CONVERSION = YES;
				CLANG_WARN_OBJC_IMPLICIT_RETAIN_SELF = YES;
				CLANG_WARN_OBJC_LITERAL_CONVERSION = YES;
				CLANG_WARN_OBJC_ROOT_CLASS = YES_ERROR;
				CLANG_WARN_RANGE_LOOP_ANALYSIS = YES;
				CLANG_WARN_STRICT_PROTOTYPES = YES;
				CLANG_WARN_SUSPICIOUS_MOVE = YES;
				CLANG_WARN_UNREACHABLE_CODE = YES;
				CLANG_WARN__DUPLICATE_METHOD_MATCH = YES;
				COPY_PHASE_STRIP = NO;
				ENABLE_STRICT_OBJC_MSGSEND = YES;
				ENABLE_TESTABILITY = YES;
				GCC_C_LANGUAGE_STANDARD = gnu99;
				GCC_DYNAMIC_NO_PIC = NO;
				GCC_ENABLE_OBJC_EXCEPTIONS = YES;
				GCC_NO_COMMON_BLOCKS = YES;
				GCC_OPTIMIZATION_LEVEL = 0;
				GCC_PREPROCESSOR_DEFINITIONS = (
					"DEBUG=1",
					"$(inherited)",
				);
				GCC_SYMBOLS_PRIVATE_EXTERN = NO;
				GCC_WARN_64_TO_32_BIT_CONVERSION = YES;
				GCC_WARN_ABOUT_RETURN_TYPE = YES_ERROR;
				GCC_WARN_UNDECLARED_SELECTOR = YES;
				GCC_WARN_UNINITIALIZED_AUTOS = YES;
				GCC_WARN_UNUSED_FUNCTION = YES;
				GCC_WARN_UNUSED_VARIABLE = YES;
				MACOSX_DEPLOYMENT_TARGET = 10.9;
				ONLY_ACTIVE_ARCH = YES;
				SDKROOT = macosx;
			};
			name = Debug;
		};
		01F4302B18965A7100E7090C /* Release */ = {
			isa = XCBuildConfiguration;
			buildSettings = {
				ALWAYS_SEARCH_USER_PATHS = NO;
				CLANG_ANALYZER_LOCALIZABILITY_NONLOCALIZED = YES;
				CLANG_CXX_LANGUAGE_STANDARD = "gnu++0x";
				CLANG_CXX_LIBRARY = "libc++";
				CLANG_ENABLE_OBJC_ARC = YES;
				CLANG_WARN_BLOCK_CAPTURE_AUTORELEASING = YES;
				CLANG_WARN_BOOL_CONVERSION = YES;
				CLANG_WARN_COMMA = YES;
				CLANG_WARN_CONSTANT_CONVERSION = YES;
				CLANG_WARN_DEPRECATED_OBJC_IMPLEMENTATIONS = YES;
				CLANG_WARN_DIRECT_OBJC_ISA_USAGE = YES_ERROR;
				CLANG_WARN_EMPTY_BODY = YES;
				CLANG_WARN_ENUM_CONVERSION = YES;
				CLANG_WARN_INFINITE_RECURSION = YES;
				CLANG_WARN_INT_CONVERSION = YES;
				CLANG_WARN_NON_LITERAL_NULL_CONVERSION = YES;
				CLANG_WARN_OBJC_IMPLICIT_RETAIN_SELF = YES;
				CLANG_WARN_OBJC_LITERAL_CONVERSION = YES;
				CLANG_WARN_OBJC_ROOT_CLASS = YES_ERROR;
				CLANG_WARN_RANGE_LOOP_ANALYSIS = YES;
				CLANG_WARN_STRICT_PROTOTYPES = YES;
				CLANG_WARN_SUSPICIOUS_MOVE = YES;
				CLANG_WARN_UNREACHABLE_CODE = YES;
				CLANG_WARN__DUPLICATE_METHOD_MATCH = YES;
				COPY_PHASE_STRIP = YES;
				DEBUG_INFORMATION_FORMAT = "dwarf-with-dsym";
				ENABLE_NS_ASSERTIONS = NO;
				ENABLE_STRICT_OBJC_MSGSEND = YES;
				GCC_C_LANGUAGE_STANDARD = gnu99;
				GCC_ENABLE_OBJC_EXCEPTIONS = YES;
				GCC_NO_COMMON_BLOCKS = YES;
				GCC_WARN_64_TO_32_BIT_CONVERSION = YES;
				GCC_WARN_ABOUT_RETURN_TYPE = YES_ERROR;
				GCC_WARN_UNDECLARED_SELECTOR = YES;
				GCC_WARN_UNINITIALIZED_AUTOS = YES;
				GCC_WARN_UNUSED_FUNCTION = YES;
				GCC_WARN_UNUSED_VARIABLE = YES;
				MACOSX_DEPLOYMENT_TARGET = 10.9;
				SDKROOT = macosx;
			};
			name = Release;
		};
		01F4302D18965A7100E7090C /* Debug */ = {
			isa = XCBuildConfiguration;
			baseConfigurationReference = 3D6BFF35276B4E3F9EA68C78 /* Pods-LogTenSafe.debug.xcconfig */;
			buildSettings = {
				ASSETCATALOG_COMPILER_APPICON_NAME = AppIcon;
				CODE_SIGN_IDENTITY = "Mac Developer";
				COMBINE_HIDPI_IMAGES = YES;
				DEVELOPMENT_TEAM = 2NFSK2WB24;
				GCC_PRECOMPILE_PREFIX_HEADER = YES;
				GCC_PREFIX_HEADER = "LogTenSafe/Source/LogTenSafe-Prefix.pch";
				INFOPLIST_FILE = "LogTenSafe/LogTenSafe-Info.plist";
				PRODUCT_BUNDLE_IDENTIFIER = "info.timothymorgan.${PRODUCT_NAME:rfc1034identifier}";
				PRODUCT_NAME = "$(TARGET_NAME)";
				WRAPPER_EXTENSION = app;
			};
			name = Debug;
		};
		01F4302E18965A7100E7090C /* Release */ = {
			isa = XCBuildConfiguration;
			baseConfigurationReference = 364FA7739D0F3B9A20533C2B /* Pods-LogTenSafe.release.xcconfig */;
			buildSettings = {
				ASSETCATALOG_COMPILER_APPICON_NAME = AppIcon;
				CODE_SIGN_IDENTITY = "Mac Developer";
				COMBINE_HIDPI_IMAGES = YES;
				DEVELOPMENT_TEAM = 2NFSK2WB24;
				GCC_PRECOMPILE_PREFIX_HEADER = YES;
				GCC_PREFIX_HEADER = "LogTenSafe/Source/LogTenSafe-Prefix.pch";
				INFOPLIST_FILE = "LogTenSafe/LogTenSafe-Info.plist";
				PRODUCT_BUNDLE_IDENTIFIER = "info.timothymorgan.${PRODUCT_NAME:rfc1034identifier}";
				PRODUCT_NAME = "$(TARGET_NAME)";
				WRAPPER_EXTENSION = app;
			};
			name = Release;
		};
/* End XCBuildConfiguration section */

/* Begin XCConfigurationList section */
		017EE25E189E4878007F31A4 /* Build configuration list for PBXNativeTarget "CheckLogbookForChanges" */ = {
			isa = XCConfigurationList;
			buildConfigurations = (
				017EE25F189E4878007F31A4 /* Debug */,
				017EE260189E4878007F31A4 /* Release */,
			);
			defaultConfigurationIsVisible = 0;
			defaultConfigurationName = Release;
		};
		01F42FF618965A7100E7090C /* Build configuration list for PBXProject "LogTenSafe" */ = {
			isa = XCConfigurationList;
			buildConfigurations = (
				01F4302A18965A7100E7090C /* Debug */,
				01F4302B18965A7100E7090C /* Release */,
			);
			defaultConfigurationIsVisible = 0;
			defaultConfigurationName = Release;
		};
		01F4302C18965A7100E7090C /* Build configuration list for PBXNativeTarget "LogTenSafe" */ = {
			isa = XCConfigurationList;
			buildConfigurations = (
				01F4302D18965A7100E7090C /* Debug */,
				01F4302E18965A7100E7090C /* Release */,
			);
			defaultConfigurationIsVisible = 0;
			defaultConfigurationName = Release;
		};
/* End XCConfigurationList section */
	};
	rootObject = 01F42FF318965A7100E7090C /* Project object */;
}
